
Microsoft Visual Studio Solution File, Format Version 12.00
# Visual Studio Version 16
VisualStudioVersion = 16.0.30517.126
MinimumVisualStudioVersion = 10.0.40219.1
Project("{8BC9CEB8-8B4A-11D0-8D11-00A0C91BC942}") = "quickNHeapSort", "quickNHeapSort\quickNHeapSort.vcxproj", "{0F786E76-DA3F-44E2-B090-07385ADCC685}"
EndProject
Global
	GlobalSection(SolutionConfigurationPlatforms) = preSolution
		Debug|x64 = Debug|x64
		Debug|x86 = Debug|x86
		Release|x64 = Release|x64
		Release|x86 = Release|x86
	EndGlobalSection
	GlobalSection(ProjectConfigurationPlatforms) = postSolution
		{0F786E76-DA3F-44E2-B090-07385ADCC685}.Debug|x64.ActiveCfg = Debug|x64
		{0F786E76-DA3F-44E2-B090-07385ADCC685}.Debug|x64.Build.0 = Debug|x64
		{0F786E76-DA3F-44E2-B090-07385ADCC685}.Debug|x86.ActiveCfg = Debug|Win32
		{0F786E76-DA3F-44E2-B090-07385ADCC685}.Debug|x86.Build.0 = Debug|Win32
		{0F786E76-DA3F-44E2-B090-07385ADCC685}.Release|x64.ActiveCfg = Release|x64
		{0F786E76-DA3F-44E2-B090-07385ADCC685}.Release|x64.Build.0 = Release|x64
		{0F786E76-DA3F-44E2-B090-07385ADCC685}.Release|x86.ActiveCfg = Release|Win32
		{0F786E76-DA3F-44E2-B090-07385ADCC685}.Release|x86.Build.0 = Release|Win32
	EndGlobalSection
	GlobalSection(SolutionProperties) = preSolution
		HideSolutionNode = FALSE
	EndGlobalSection
	GlobalSection(ExtensibilityGlobals) = postSolution
		SolutionGuid = {6C338505-4110-4303-82B2-54C9789E4CAB}
	EndGlobalSection
EndGlobal
